// !$*UTF8*$!
{
	archiveVersion = 1;
	classes = {
	};
	objectVersion = 51;
	objects = {

/* Begin PBXBuildFile section */
		4A80400FFB709BE273669D73 /* Pods_SKHUStudy.framework in Frameworks */ = {isa = PBXBuildFile; fileRef = FBEEBF9AC181050CB8BB958E /* Pods_SKHUStudy.framework */; };
		5E006FE62447858A0028CB3C /* AllVC.swift in Sources */ = {isa = PBXBuildFile; fileRef = 5E006FE52447858A0028CB3C /* AllVC.swift */; };
		5E006FE8244786F90028CB3C /* AllTVC.swift in Sources */ = {isa = PBXBuildFile; fileRef = 5E006FE7244786F90028CB3C /* AllTVC.swift */; };
		5E006FEA2449E1A20028CB3C /* HashOneVC.swift in Sources */ = {isa = PBXBuildFile; fileRef = 5E006FE92449E1A20028CB3C /* HashOneVC.swift */; };
		5E006FEC2449E1B40028CB3C /* HashTwoVC.swift in Sources */ = {isa = PBXBuildFile; fileRef = 5E006FEB2449E1B40028CB3C /* HashTwoVC.swift */; };
		5E006FEE2449E1C20028CB3C /* HashThreeVC.swift in Sources */ = {isa = PBXBuildFile; fileRef = 5E006FED2449E1C20028CB3C /* HashThreeVC.swift */; };
		5E006FF02449E2330028CB3C /* HashOneTVC.swift in Sources */ = {isa = PBXBuildFile; fileRef = 5E006FEF2449E2330028CB3C /* HashOneTVC.swift */; };
		5E006FF22449E2410028CB3C /* HashTwoTVC.swift in Sources */ = {isa = PBXBuildFile; fileRef = 5E006FF12449E2410028CB3C /* HashTwoTVC.swift */; };
		5E006FF42449E2500028CB3C /* HashThreeTVC.swift in Sources */ = {isa = PBXBuildFile; fileRef = 5E006FF32449E2500028CB3C /* HashThreeTVC.swift */; };
		5E58B4E42445801F0010F5F9 /* AppDelegate.swift in Sources */ = {isa = PBXBuildFile; fileRef = 5E58B4E32445801F0010F5F9 /* AppDelegate.swift */; };
		5E58B4E62445801F0010F5F9 /* SceneDelegate.swift in Sources */ = {isa = PBXBuildFile; fileRef = 5E58B4E52445801F0010F5F9 /* SceneDelegate.swift */; };
		5E58B4E82445801F0010F5F9 /* ExampleVC.swift in Sources */ = {isa = PBXBuildFile; fileRef = 5E58B4E72445801F0010F5F9 /* ExampleVC.swift */; };
		5E58B4EB2445801F0010F5F9 /* Example.storyboard in Resources */ = {isa = PBXBuildFile; fileRef = 5E58B4E92445801F0010F5F9 /* Example.storyboard */; };
		5E58B4ED244580210010F5F9 /* Assets.xcassets in Resources */ = {isa = PBXBuildFile; fileRef = 5E58B4EC244580210010F5F9 /* Assets.xcassets */; };
		5E58B4F0244580210010F5F9 /* LaunchScreen.storyboard in Resources */ = {isa = PBXBuildFile; fileRef = 5E58B4EE244580210010F5F9 /* LaunchScreen.storyboard */; };
		5E58B519244583590010F5F9 /* GoogleService-Info.plist in Resources */ = {isa = PBXBuildFile; fileRef = 5E58B518244583590010F5F9 /* GoogleService-Info.plist */; };
		5E58B51B2445844E0010F5F9 /* Fonts+Enum.swift in Sources */ = {isa = PBXBuildFile; fileRef = 5E58B51A2445844E0010F5F9 /* Fonts+Enum.swift */; };
		5E58B51D2445847A0010F5F9 /* UserVC.swift in Sources */ = {isa = PBXBuildFile; fileRef = 5E58B51C2445847A0010F5F9 /* UserVC.swift */; };
		5E58B51F244584B60010F5F9 /* ReferenceVC.swift in Sources */ = {isa = PBXBuildFile; fileRef = 5E58B51E244584B60010F5F9 /* ReferenceVC.swift */; };
		5E58B52B244584E50010F5F9 /* String+Extension.swift in Sources */ = {isa = PBXBuildFile; fileRef = 5E58B520244584E40010F5F9 /* String+Extension.swift */; };
		5E58B52C244584E50010F5F9 /* UITabar.swift in Sources */ = {isa = PBXBuildFile; fileRef = 5E58B521244584E40010F5F9 /* UITabar.swift */; };
		5E58B52D244584E50010F5F9 /* UIView+Extension.swift in Sources */ = {isa = PBXBuildFile; fileRef = 5E58B522244584E40010F5F9 /* UIView+Extension.swift */; };
		5E58B52E244584E50010F5F9 /* UIButton+Extension.swift in Sources */ = {isa = PBXBuildFile; fileRef = 5E58B523244584E40010F5F9 /* UIButton+Extension.swift */; };
		5E58B52F244584E50010F5F9 /* UIColor+Extension.swift in Sources */ = {isa = PBXBuildFile; fileRef = 5E58B524244584E40010F5F9 /* UIColor+Extension.swift */; };
		5E58B530244584E50010F5F9 /* UITextView+Extension.swift in Sources */ = {isa = PBXBuildFile; fileRef = 5E58B525244584E40010F5F9 /* UITextView+Extension.swift */; };
		5E58B531244584E50010F5F9 /* UIImageView+Extension.swift in Sources */ = {isa = PBXBuildFile; fileRef = 5E58B526244584E40010F5F9 /* UIImageView+Extension.swift */; };
		5E58B532244584E50010F5F9 /* UIViewController+Extension.swift in Sources */ = {isa = PBXBuildFile; fileRef = 5E58B527244584E50010F5F9 /* UIViewController+Extension.swift */; };
		5E58B533244584E50010F5F9 /* Date+Extension.swift in Sources */ = {isa = PBXBuildFile; fileRef = 5E58B528244584E50010F5F9 /* Date+Extension.swift */; };
		5E58B534244584E50010F5F9 /* CALayer+Extension.swift in Sources */ = {isa = PBXBuildFile; fileRef = 5E58B529244584E50010F5F9 /* CALayer+Extension.swift */; };
		5E58B535244584E50010F5F9 /* UITableView+Extension.swift in Sources */ = {isa = PBXBuildFile; fileRef = 5E58B52A244584E50010F5F9 /* UITableView+Extension.swift */; };
		5E58B537244585210010F5F9 /* TabBarController.swift in Sources */ = {isa = PBXBuildFile; fileRef = 5E58B536244585210010F5F9 /* TabBarController.swift */; };
		5E58B5392445853C0010F5F9 /* MainVC.swift in Sources */ = {isa = PBXBuildFile; fileRef = 5E58B5382445853C0010F5F9 /* MainVC.swift */; };
		5E58B53B244585450010F5F9 /* LoginVC.swift in Sources */ = {isa = PBXBuildFile; fileRef = 5E58B53A244585450010F5F9 /* LoginVC.swift */; };
		5E58B53D2445854E0010F5F9 /* ChatVC.swift in Sources */ = {isa = PBXBuildFile; fileRef = 5E58B53C2445854E0010F5F9 /* ChatVC.swift */; };
		5E58B53F244585580010F5F9 /* Chat.storyboard in Resources */ = {isa = PBXBuildFile; fileRef = 5E58B53E244585580010F5F9 /* Chat.storyboard */; };
		5E58B541244585610010F5F9 /* Login.storyboard in Resources */ = {isa = PBXBuildFile; fileRef = 5E58B540244585610010F5F9 /* Login.storyboard */; };
		5E58B5432445856C0010F5F9 /* Main.storyboard in Resources */ = {isa = PBXBuildFile; fileRef = 5E58B5422445856C0010F5F9 /* Main.storyboard */; };
		5E58B545244585730010F5F9 /* TabBar.storyboard in Resources */ = {isa = PBXBuildFile; fileRef = 5E58B544244585730010F5F9 /* TabBar.storyboard */; };
		5E58B5472445857C0010F5F9 /* User.storyboard in Resources */ = {isa = PBXBuildFile; fileRef = 5E58B5462445857C0010F5F9 /* User.storyboard */; };
		5E58B549244585A70010F5F9 /* MainModel.swift in Sources */ = {isa = PBXBuildFile; fileRef = 5E58B548244585A70010F5F9 /* MainModel.swift */; };
		5E58B54B244585AE0010F5F9 /* UserModel.swift in Sources */ = {isa = PBXBuildFile; fileRef = 5E58B54A244585AE0010F5F9 /* UserModel.swift */; };
		5E58B54D244585B60010F5F9 /* LoginModel.swift in Sources */ = {isa = PBXBuildFile; fileRef = 5E58B54C244585B60010F5F9 /* LoginModel.swift */; };
		5E58B54F244585C20010F5F9 /* ChatModel.swift in Sources */ = {isa = PBXBuildFile; fileRef = 5E58B54E244585C20010F5F9 /* ChatModel.swift */; };
		5E58B551244585CD0010F5F9 /* ChatCell.swift in Sources */ = {isa = PBXBuildFile; fileRef = 5E58B550244585CD0010F5F9 /* ChatCell.swift */; };
		5E58B553244585D50010F5F9 /* LoginCell.swift in Sources */ = {isa = PBXBuildFile; fileRef = 5E58B552244585D50010F5F9 /* LoginCell.swift */; };
		5E58B557244585EB0010F5F9 /* UserCell.swift in Sources */ = {isa = PBXBuildFile; fileRef = 5E58B556244585EB0010F5F9 /* UserCell.swift */; };
		5E796727244EE32D0053974F /* TopTabBarCVC.swift in Sources */ = {isa = PBXBuildFile; fileRef = 5E796726244EE32D0053974F /* TopTabBarCVC.swift */; };
		5E796729244EE5550053974F /* TopBarItem.swift in Sources */ = {isa = PBXBuildFile; fileRef = 5E796728244EE5550053974F /* TopBarItem.swift */; };
		5E79672B244EEA300053974F /* PageVC.swift in Sources */ = {isa = PBXBuildFile; fileRef = 5E79672A244EEA300053974F /* PageVC.swift */; };
		5E79672D244EF22D0053974F /* SettingsLauncher.swift in Sources */ = {isa = PBXBuildFile; fileRef = 5E79672C244EF22D0053974F /* SettingsLauncher.swift */; };
		5E79672F244EF2B00053974F /* SettingName.swift in Sources */ = {isa = PBXBuildFile; fileRef = 5E79672E244EF2B00053974F /* SettingName.swift */; };
		5E796731244EF3040053974F /* SettingCell.swift in Sources */ = {isa = PBXBuildFile; fileRef = 5E796730244EF3040053974F /* SettingCell.swift */; };
		5ED3DFBE244CBCDB00B34D20 /* User.swift in Sources */ = {isa = PBXBuildFile; fileRef = 5ED3DFBD244CBCDB00B34D20 /* User.swift */; };
		5ED3DFC0244CBFC500B34D20 /* Study.swift in Sources */ = {isa = PBXBuildFile; fileRef = 5ED3DFBF244CBFC500B34D20 /* Study.swift */; };
		5ED3DFC2244CC38E00B34D20 /* Category.swift in Sources */ = {isa = PBXBuildFile; fileRef = 5ED3DFC1244CC38E00B34D20 /* Category.swift */; };
		7E1627282459AE6500320FA4 /* CreateWeek.storyboard in Resources */ = {isa = PBXBuildFile; fileRef = 7E1627272459AE6500320FA4 /* CreateWeek.storyboard */; };
		7E16272A2459AE8400320FA4 /* CreateWeekVC.swift in Sources */ = {isa = PBXBuildFile; fileRef = 7E1627292459AE8400320FA4 /* CreateWeekVC.swift */; };
		7E16272C2459AF0A00320FA4 /* CreateWeekVC+Constraints.swift in Sources */ = {isa = PBXBuildFile; fileRef = 7E16272B2459AF0A00320FA4 /* CreateWeekVC+Constraints.swift */; };
		7E7AFA992469199E000A92E0 /* EmailVerificationVC.swift in Sources */ = {isa = PBXBuildFile; fileRef = 7E7AFA982469199E000A92E0 /* EmailVerificationVC.swift */; };
		7E7AFA9B246919BE000A92E0 /* EmailVerification.storyboard in Resources */ = {isa = PBXBuildFile; fileRef = 7E7AFA9A246919BE000A92E0 /* EmailVerification.storyboard */; };
		7E7AFA9D24691A2A000A92E0 /* EmailVerificationVC+Constraints.swift in Sources */ = {isa = PBXBuildFile; fileRef = 7E7AFA9C24691A2A000A92E0 /* EmailVerificationVC+Constraints.swift */; };
		7E7D35EE245967EF00622474 /* WeekDetailVC.swift in Sources */ = {isa = PBXBuildFile; fileRef = 7E7D35ED245967EF00622474 /* WeekDetailVC.swift */; };
		7E7E97BC244C118C001C7D20 /* SignUpVC.swift in Sources */ = {isa = PBXBuildFile; fileRef = 7E7E97BB244C118C001C7D20 /* SignUpVC.swift */; };
		7E7E97BE244C1197001C7D20 /* SignUp.storyboard in Resources */ = {isa = PBXBuildFile; fileRef = 7E7E97BD244C1197001C7D20 /* SignUp.storyboard */; };
		7E7E97C0244C1540001C7D20 /* SignUpVC+Constraints.swift in Sources */ = {isa = PBXBuildFile; fileRef = 7E7E97BF244C1540001C7D20 /* SignUpVC+Constraints.swift */; };
		7EA6F196244EE4EE0047C949 /* AddMoreUserInformation.storyboard in Resources */ = {isa = PBXBuildFile; fileRef = 7EA6F195244EE4EE0047C949 /* AddMoreUserInformation.storyboard */; };
		7EA6F198244EE5B50047C949 /* AddUserInfoVC.swift in Sources */ = {isa = PBXBuildFile; fileRef = 7EA6F197244EE5B50047C949 /* AddUserInfoVC.swift */; };
		7EA6F19A244EE5F10047C949 /* AddUserCategoryVC.swift in Sources */ = {isa = PBXBuildFile; fileRef = 7EA6F199244EE5F10047C949 /* AddUserCategoryVC.swift */; };
		7EA6F19C244EE95F0047C949 /* AddUserInfoVC+Constraints.swift in Sources */ = {isa = PBXBuildFile; fileRef = 7EA6F19B244EE95F0047C949 /* AddUserInfoVC+Constraints.swift */; };
		7EA96CB5245080440050E916 /* AddUserCategoryCell.swift in Sources */ = {isa = PBXBuildFile; fileRef = 7EA96CB4245080440050E916 /* AddUserCategoryCell.swift */; };
		7EA96CB7245083180050E916 /* AddUserCategoryVC+Constraints.swift in Sources */ = {isa = PBXBuildFile; fileRef = 7EA96CB6245083180050E916 /* AddUserCategoryVC+Constraints.swift */; };
		7EC5180E2456FFB200624E33 /* AddStudyVC.swift in Sources */ = {isa = PBXBuildFile; fileRef = 7EC5180D2456FFB200624E33 /* AddStudyVC.swift */; };
		7ED0F02424599B3800CDA6CF /* WeekDetail.storyboard in Resources */ = {isa = PBXBuildFile; fileRef = 7ED0F02324599B3800CDA6CF /* WeekDetail.storyboard */; };
		D50E64C224594F1D00778913 /* StudyTVC.xib in Resources */ = {isa = PBXBuildFile; fileRef = D50E64C124594F1D00778913 /* StudyTVC.xib */; };
		D50E64C424595FD200778913 /* StudyTVC.swift in Sources */ = {isa = PBXBuildFile; fileRef = D50E64C324595FD200778913 /* StudyTVC.swift */; };
		D50E64C624597F2400778913 /* StudyDetail.storyboard in Resources */ = {isa = PBXBuildFile; fileRef = D50E64C524597F2400778913 /* StudyDetail.storyboard */; };
		D50E64C82459808A00778913 /* StudyDetail.swift in Sources */ = {isa = PBXBuildFile; fileRef = D50E64C72459808A00778913 /* StudyDetail.swift */; };
		D50E64CA2459B51500778913 /* StudyDetailHeaderView.xib in Resources */ = {isa = PBXBuildFile; fileRef = D50E64C92459B51500778913 /* StudyDetailHeaderView.xib */; };
		D50E64CC2459B5C700778913 /* StudyDetailHeaderView.swift in Sources */ = {isa = PBXBuildFile; fileRef = D50E64CB2459B5C700778913 /* StudyDetailHeaderView.swift */; };
		D50E64CE2459C08F00778913 /* StudyWeekTVC.xib in Resources */ = {isa = PBXBuildFile; fileRef = D50E64CD2459C08F00778913 /* StudyWeekTVC.xib */; };
		D5462D5524619CEC0080C577 /* UserHeaderView.xib in Resources */ = {isa = PBXBuildFile; fileRef = D5462D5424619CEC0080C577 /* UserHeaderView.xib */; };
		D5462D5724619D2B0080C577 /* UserHeaderView.swift in Sources */ = {isa = PBXBuildFile; fileRef = D5462D5624619D2B0080C577 /* UserHeaderView.swift */; };
		D57620C9246A4A4F00F8BB4C /* APIConstants.swift in Sources */ = {isa = PBXBuildFile; fileRef = D57620C8246A4A4F00F8BB4C /* APIConstants.swift */; };
		D57620CB246A4E1100F8BB4C /* UserService.swift in Sources */ = {isa = PBXBuildFile; fileRef = D57620CA246A4E1100F8BB4C /* UserService.swift */; };
		D57620CD246A4E4B00F8BB4C /* NetworkResult.swift in Sources */ = {isa = PBXBuildFile; fileRef = D57620CC246A4E4B00F8BB4C /* NetworkResult.swift */; };
		D58F0BED245EA74400205380 /* StudyDetailFooterView.xib in Resources */ = {isa = PBXBuildFile; fileRef = D58F0BEC245EA74400205380 /* StudyDetailFooterView.xib */; };
		D58F0BEF245EA75C00205380 /* StudyDetailFooterView.swift in Sources */ = {isa = PBXBuildFile; fileRef = D58F0BEE245EA75C00205380 /* StudyDetailFooterView.swift */; };
		D58F0BF1245EB3AD00205380 /* StudyWeekTVC.swift in Sources */ = {isa = PBXBuildFile; fileRef = D58F0BF0245EB3AD00205380 /* StudyWeekTVC.swift */; };
/* End PBXBuildFile section */

/* Begin PBXFileReference section */
		5E006FE52447858A0028CB3C /* AllVC.swift */ = {isa = PBXFileReference; lastKnownFileType = sourcecode.swift; path = AllVC.swift; sourceTree = "<group>"; };
		5E006FE7244786F90028CB3C /* AllTVC.swift */ = {isa = PBXFileReference; lastKnownFileType = sourcecode.swift; path = AllTVC.swift; sourceTree = "<group>"; };
		5E006FE92449E1A20028CB3C /* HashOneVC.swift */ = {isa = PBXFileReference; lastKnownFileType = sourcecode.swift; path = HashOneVC.swift; sourceTree = "<group>"; };
		5E006FEB2449E1B40028CB3C /* HashTwoVC.swift */ = {isa = PBXFileReference; lastKnownFileType = sourcecode.swift; path = HashTwoVC.swift; sourceTree = "<group>"; };
		5E006FED2449E1C20028CB3C /* HashThreeVC.swift */ = {isa = PBXFileReference; lastKnownFileType = sourcecode.swift; path = HashThreeVC.swift; sourceTree = "<group>"; };
		5E006FEF2449E2330028CB3C /* HashOneTVC.swift */ = {isa = PBXFileReference; lastKnownFileType = sourcecode.swift; path = HashOneTVC.swift; sourceTree = "<group>"; };
		5E006FF12449E2410028CB3C /* HashTwoTVC.swift */ = {isa = PBXFileReference; lastKnownFileType = sourcecode.swift; path = HashTwoTVC.swift; sourceTree = "<group>"; };
		5E006FF32449E2500028CB3C /* HashThreeTVC.swift */ = {isa = PBXFileReference; lastKnownFileType = sourcecode.swift; path = HashThreeTVC.swift; sourceTree = "<group>"; };
		5E58B4E02445801F0010F5F9 /* SKHUStudy.app */ = {isa = PBXFileReference; explicitFileType = wrapper.application; includeInIndex = 0; path = SKHUStudy.app; sourceTree = BUILT_PRODUCTS_DIR; };
		5E58B4E32445801F0010F5F9 /* AppDelegate.swift */ = {isa = PBXFileReference; lastKnownFileType = sourcecode.swift; path = AppDelegate.swift; sourceTree = "<group>"; };
		5E58B4E52445801F0010F5F9 /* SceneDelegate.swift */ = {isa = PBXFileReference; lastKnownFileType = sourcecode.swift; path = SceneDelegate.swift; sourceTree = "<group>"; };
		5E58B4E72445801F0010F5F9 /* ExampleVC.swift */ = {isa = PBXFileReference; lastKnownFileType = sourcecode.swift; path = ExampleVC.swift; sourceTree = "<group>"; };
		5E58B4EA2445801F0010F5F9 /* Base */ = {isa = PBXFileReference; lastKnownFileType = file.storyboard; name = Base; path = Base.lproj/Example.storyboard; sourceTree = "<group>"; };
		5E58B4EC244580210010F5F9 /* Assets.xcassets */ = {isa = PBXFileReference; lastKnownFileType = folder.assetcatalog; path = Assets.xcassets; sourceTree = "<group>"; };
		5E58B4EF244580210010F5F9 /* Base */ = {isa = PBXFileReference; lastKnownFileType = file.storyboard; name = Base; path = Base.lproj/LaunchScreen.storyboard; sourceTree = "<group>"; };
		5E58B4F1244580210010F5F9 /* Info.plist */ = {isa = PBXFileReference; lastKnownFileType = text.plist.xml; path = Info.plist; sourceTree = "<group>"; };
		5E58B518244583590010F5F9 /* GoogleService-Info.plist */ = {isa = PBXFileReference; fileEncoding = 4; lastKnownFileType = text.plist.xml; path = "GoogleService-Info.plist"; sourceTree = "<group>"; };
		5E58B51A2445844E0010F5F9 /* Fonts+Enum.swift */ = {isa = PBXFileReference; lastKnownFileType = sourcecode.swift; path = "Fonts+Enum.swift"; sourceTree = "<group>"; };
		5E58B51C2445847A0010F5F9 /* UserVC.swift */ = {isa = PBXFileReference; lastKnownFileType = sourcecode.swift; path = UserVC.swift; sourceTree = "<group>"; };
		5E58B51E244584B60010F5F9 /* ReferenceVC.swift */ = {isa = PBXFileReference; lastKnownFileType = sourcecode.swift; path = ReferenceVC.swift; sourceTree = "<group>"; };
		5E58B520244584E40010F5F9 /* String+Extension.swift */ = {isa = PBXFileReference; fileEncoding = 4; lastKnownFileType = sourcecode.swift; path = "String+Extension.swift"; sourceTree = "<group>"; };
		5E58B521244584E40010F5F9 /* UITabar.swift */ = {isa = PBXFileReference; fileEncoding = 4; lastKnownFileType = sourcecode.swift; path = UITabar.swift; sourceTree = "<group>"; };
		5E58B522244584E40010F5F9 /* UIView+Extension.swift */ = {isa = PBXFileReference; fileEncoding = 4; lastKnownFileType = sourcecode.swift; path = "UIView+Extension.swift"; sourceTree = "<group>"; };
		5E58B523244584E40010F5F9 /* UIButton+Extension.swift */ = {isa = PBXFileReference; fileEncoding = 4; lastKnownFileType = sourcecode.swift; path = "UIButton+Extension.swift"; sourceTree = "<group>"; };
		5E58B524244584E40010F5F9 /* UIColor+Extension.swift */ = {isa = PBXFileReference; fileEncoding = 4; lastKnownFileType = sourcecode.swift; path = "UIColor+Extension.swift"; sourceTree = "<group>"; };
		5E58B525244584E40010F5F9 /* UITextView+Extension.swift */ = {isa = PBXFileReference; fileEncoding = 4; lastKnownFileType = sourcecode.swift; path = "UITextView+Extension.swift"; sourceTree = "<group>"; };
		5E58B526244584E40010F5F9 /* UIImageView+Extension.swift */ = {isa = PBXFileReference; fileEncoding = 4; lastKnownFileType = sourcecode.swift; path = "UIImageView+Extension.swift"; sourceTree = "<group>"; };
		5E58B527244584E50010F5F9 /* UIViewController+Extension.swift */ = {isa = PBXFileReference; fileEncoding = 4; lastKnownFileType = sourcecode.swift; path = "UIViewController+Extension.swift"; sourceTree = "<group>"; };
		5E58B528244584E50010F5F9 /* Date+Extension.swift */ = {isa = PBXFileReference; fileEncoding = 4; lastKnownFileType = sourcecode.swift; path = "Date+Extension.swift"; sourceTree = "<group>"; };
		5E58B529244584E50010F5F9 /* CALayer+Extension.swift */ = {isa = PBXFileReference; fileEncoding = 4; lastKnownFileType = sourcecode.swift; path = "CALayer+Extension.swift"; sourceTree = "<group>"; };
		5E58B52A244584E50010F5F9 /* UITableView+Extension.swift */ = {isa = PBXFileReference; fileEncoding = 4; lastKnownFileType = sourcecode.swift; path = "UITableView+Extension.swift"; sourceTree = "<group>"; };
		5E58B536244585210010F5F9 /* TabBarController.swift */ = {isa = PBXFileReference; lastKnownFileType = sourcecode.swift; path = TabBarController.swift; sourceTree = "<group>"; };
		5E58B5382445853C0010F5F9 /* MainVC.swift */ = {isa = PBXFileReference; lastKnownFileType = sourcecode.swift; path = MainVC.swift; sourceTree = "<group>"; };
		5E58B53A244585450010F5F9 /* LoginVC.swift */ = {isa = PBXFileReference; lastKnownFileType = sourcecode.swift; path = LoginVC.swift; sourceTree = "<group>"; };
		5E58B53C2445854E0010F5F9 /* ChatVC.swift */ = {isa = PBXFileReference; lastKnownFileType = sourcecode.swift; path = ChatVC.swift; sourceTree = "<group>"; };
		5E58B53E244585580010F5F9 /* Chat.storyboard */ = {isa = PBXFileReference; lastKnownFileType = file.storyboard; path = Chat.storyboard; sourceTree = "<group>"; };
		5E58B540244585610010F5F9 /* Login.storyboard */ = {isa = PBXFileReference; lastKnownFileType = file.storyboard; path = Login.storyboard; sourceTree = "<group>"; };
		5E58B5422445856C0010F5F9 /* Main.storyboard */ = {isa = PBXFileReference; lastKnownFileType = file.storyboard; path = Main.storyboard; sourceTree = "<group>"; };
		5E58B544244585730010F5F9 /* TabBar.storyboard */ = {isa = PBXFileReference; lastKnownFileType = file.storyboard; path = TabBar.storyboard; sourceTree = "<group>"; };
		5E58B5462445857C0010F5F9 /* User.storyboard */ = {isa = PBXFileReference; lastKnownFileType = file.storyboard; path = User.storyboard; sourceTree = "<group>"; };
		5E58B548244585A70010F5F9 /* MainModel.swift */ = {isa = PBXFileReference; lastKnownFileType = sourcecode.swift; path = MainModel.swift; sourceTree = "<group>"; };
		5E58B54A244585AE0010F5F9 /* UserModel.swift */ = {isa = PBXFileReference; lastKnownFileType = sourcecode.swift; path = UserModel.swift; sourceTree = "<group>"; };
		5E58B54C244585B60010F5F9 /* LoginModel.swift */ = {isa = PBXFileReference; lastKnownFileType = sourcecode.swift; path = LoginModel.swift; sourceTree = "<group>"; };
		5E58B54E244585C20010F5F9 /* ChatModel.swift */ = {isa = PBXFileReference; lastKnownFileType = sourcecode.swift; path = ChatModel.swift; sourceTree = "<group>"; };
		5E58B550244585CD0010F5F9 /* ChatCell.swift */ = {isa = PBXFileReference; lastKnownFileType = sourcecode.swift; path = ChatCell.swift; sourceTree = "<group>"; };
		5E58B552244585D50010F5F9 /* LoginCell.swift */ = {isa = PBXFileReference; lastKnownFileType = sourcecode.swift; path = LoginCell.swift; sourceTree = "<group>"; };
		5E58B556244585EB0010F5F9 /* UserCell.swift */ = {isa = PBXFileReference; lastKnownFileType = sourcecode.swift; path = UserCell.swift; sourceTree = "<group>"; };
		5E796726244EE32D0053974F /* TopTabBarCVC.swift */ = {isa = PBXFileReference; lastKnownFileType = sourcecode.swift; path = TopTabBarCVC.swift; sourceTree = "<group>"; };
		5E796728244EE5550053974F /* TopBarItem.swift */ = {isa = PBXFileReference; lastKnownFileType = sourcecode.swift; path = TopBarItem.swift; sourceTree = "<group>"; };
		5E79672A244EEA300053974F /* PageVC.swift */ = {isa = PBXFileReference; lastKnownFileType = sourcecode.swift; path = PageVC.swift; sourceTree = "<group>"; };
		5E79672C244EF22D0053974F /* SettingsLauncher.swift */ = {isa = PBXFileReference; lastKnownFileType = sourcecode.swift; path = SettingsLauncher.swift; sourceTree = "<group>"; };
		5E79672E244EF2B00053974F /* SettingName.swift */ = {isa = PBXFileReference; lastKnownFileType = sourcecode.swift; path = SettingName.swift; sourceTree = "<group>"; };
		5E796730244EF3040053974F /* SettingCell.swift */ = {isa = PBXFileReference; lastKnownFileType = sourcecode.swift; path = SettingCell.swift; sourceTree = "<group>"; };
		5ED3DFBD244CBCDB00B34D20 /* User.swift */ = {isa = PBXFileReference; lastKnownFileType = sourcecode.swift; path = User.swift; sourceTree = "<group>"; };
		5ED3DFBF244CBFC500B34D20 /* Study.swift */ = {isa = PBXFileReference; lastKnownFileType = sourcecode.swift; path = Study.swift; sourceTree = "<group>"; };
		5ED3DFC1244CC38E00B34D20 /* Category.swift */ = {isa = PBXFileReference; lastKnownFileType = sourcecode.swift; path = Category.swift; sourceTree = "<group>"; };
		7E1627272459AE6500320FA4 /* CreateWeek.storyboard */ = {isa = PBXFileReference; lastKnownFileType = file.storyboard; name = CreateWeek.storyboard; path = skhustudy/Secene/Main/StoryBoard/CreateWeek.storyboard; sourceTree = SOURCE_ROOT; };
		7E1627292459AE8400320FA4 /* CreateWeekVC.swift */ = {isa = PBXFileReference; lastKnownFileType = sourcecode.swift; name = CreateWeekVC.swift; path = skhustudy/Secene/Main/StoryBoard/CreateWeekVC.swift; sourceTree = SOURCE_ROOT; };
		7E16272B2459AF0A00320FA4 /* CreateWeekVC+Constraints.swift */ = {isa = PBXFileReference; lastKnownFileType = sourcecode.swift; name = "CreateWeekVC+Constraints.swift"; path = "skhustudy/Secene/Main/ViewController/CreateWeekVC+Constraints.swift"; sourceTree = SOURCE_ROOT; };
		7E7AFA982469199E000A92E0 /* EmailVerificationVC.swift */ = {isa = PBXFileReference; lastKnownFileType = sourcecode.swift; name = EmailVerificationVC.swift; path = skhustudy/Secene/Login/ViewController/EmailVerificationVC.swift; sourceTree = SOURCE_ROOT; };
		7E7AFA9A246919BE000A92E0 /* EmailVerification.storyboard */ = {isa = PBXFileReference; lastKnownFileType = file.storyboard; name = EmailVerification.storyboard; path = skhustudy/Secene/Login/StoryBoard/EmailVerification.storyboard; sourceTree = SOURCE_ROOT; };
		7E7AFA9C24691A2A000A92E0 /* EmailVerificationVC+Constraints.swift */ = {isa = PBXFileReference; lastKnownFileType = sourcecode.swift; name = "EmailVerificationVC+Constraints.swift"; path = "skhustudy/Secene/Login/ViewController/EmailVerificationVC+Constraints.swift"; sourceTree = SOURCE_ROOT; };
		7E7D35ED245967EF00622474 /* WeekDetailVC.swift */ = {isa = PBXFileReference; lastKnownFileType = sourcecode.swift; name = WeekDetailVC.swift; path = skhustudy/Secene/Main/ViewController/WeekDetailVC.swift; sourceTree = SOURCE_ROOT; };
		7E7E97BB244C118C001C7D20 /* SignUpVC.swift */ = {isa = PBXFileReference; lastKnownFileType = sourcecode.swift; name = SignUpVC.swift; path = skhustudy/Secene/Login/ViewController/SignUpVC.swift; sourceTree = SOURCE_ROOT; };
		7E7E97BD244C1197001C7D20 /* SignUp.storyboard */ = {isa = PBXFileReference; lastKnownFileType = file.storyboard; name = SignUp.storyboard; path = SKHUStudy/Secene/Login/StoryBoard/SignUp.storyboard; sourceTree = SOURCE_ROOT; };
		7E7E97BF244C1540001C7D20 /* SignUpVC+Constraints.swift */ = {isa = PBXFileReference; lastKnownFileType = sourcecode.swift; name = "SignUpVC+Constraints.swift"; path = "skhustudy/Secene/Login/ViewController/SignUpVC+Constraints.swift"; sourceTree = SOURCE_ROOT; };
		7EA6F195244EE4EE0047C949 /* AddMoreUserInformation.storyboard */ = {isa = PBXFileReference; lastKnownFileType = file.storyboard; name = AddMoreUserInformation.storyboard; path = skhustudy/Secene/Login/StoryBoard/AddMoreUserInformation.storyboard; sourceTree = SOURCE_ROOT; };
		7EA6F197244EE5B50047C949 /* AddUserInfoVC.swift */ = {isa = PBXFileReference; lastKnownFileType = sourcecode.swift; name = AddUserInfoVC.swift; path = skhustudy/Secene/Login/StoryBoard/AddUserInfoVC.swift; sourceTree = SOURCE_ROOT; };
		7EA6F199244EE5F10047C949 /* AddUserCategoryVC.swift */ = {isa = PBXFileReference; lastKnownFileType = sourcecode.swift; name = AddUserCategoryVC.swift; path = skhustudy/Secene/Login/StoryBoard/AddUserCategoryVC.swift; sourceTree = SOURCE_ROOT; };
		7EA6F19B244EE95F0047C949 /* AddUserInfoVC+Constraints.swift */ = {isa = PBXFileReference; lastKnownFileType = sourcecode.swift; name = "AddUserInfoVC+Constraints.swift"; path = "skhustudy/Secene/Login/ViewController/AddUserInfoVC+Constraints.swift"; sourceTree = SOURCE_ROOT; };
		7EA96CB4245080440050E916 /* AddUserCategoryCell.swift */ = {isa = PBXFileReference; lastKnownFileType = sourcecode.swift; name = AddUserCategoryCell.swift; path = skhustudy/Secene/Login/ViewController/AddUserCategoryCell.swift; sourceTree = SOURCE_ROOT; };
		7EA96CB6245083180050E916 /* AddUserCategoryVC+Constraints.swift */ = {isa = PBXFileReference; lastKnownFileType = sourcecode.swift; name = "AddUserCategoryVC+Constraints.swift"; path = "skhustudy/Secene/Login/Cell/AddUserCategoryVC+Constraints.swift"; sourceTree = SOURCE_ROOT; };
		7EC5180D2456FFB200624E33 /* AddStudyVC.swift */ = {isa = PBXFileReference; lastKnownFileType = sourcecode.swift; path = AddStudyVC.swift; sourceTree = SOURCE_ROOT; };
		7ED0F02324599B3800CDA6CF /* WeekDetail.storyboard */ = {isa = PBXFileReference; lastKnownFileType = file.storyboard; path = WeekDetail.storyboard; sourceTree = SOURCE_ROOT; };
		A8FB063F35A90A278F6A6800 /* Pods-SKHUStudy.release.xcconfig */ = {isa = PBXFileReference; includeInIndex = 1; lastKnownFileType = text.xcconfig; name = "Pods-SKHUStudy.release.xcconfig"; path = "Target Support Files/Pods-SKHUStudy/Pods-SKHUStudy.release.xcconfig"; sourceTree = "<group>"; };
		D50E64C124594F1D00778913 /* StudyTVC.xib */ = {isa = PBXFileReference; lastKnownFileType = file.xib; name = StudyTVC.xib; path = skhustudy/Secene/Main/Cell/StudyTVC.xib; sourceTree = SOURCE_ROOT; };
		D50E64C324595FD200778913 /* StudyTVC.swift */ = {isa = PBXFileReference; lastKnownFileType = sourcecode.swift; name = StudyTVC.swift; path = skhustudy/Secene/Main/Cell/StudyTVC.swift; sourceTree = SOURCE_ROOT; };
		D50E64C524597F2400778913 /* StudyDetail.storyboard */ = {isa = PBXFileReference; lastKnownFileType = file.storyboard; name = StudyDetail.storyboard; path = skhustudy/Secene/Main/StoryBoard/StudyDetail.storyboard; sourceTree = SOURCE_ROOT; };
		D50E64C72459808A00778913 /* StudyDetail.swift */ = {isa = PBXFileReference; lastKnownFileType = sourcecode.swift; name = StudyDetail.swift; path = skhustudy/Secene/Main/ViewController/StudyDetail.swift; sourceTree = SOURCE_ROOT; };
		D50E64C92459B51500778913 /* StudyDetailHeaderView.xib */ = {isa = PBXFileReference; lastKnownFileType = file.xib; name = StudyDetailHeaderView.xib; path = skhustudy/Secene/Main/Cell/StudyDetailHeaderView.xib; sourceTree = SOURCE_ROOT; };
		D50E64CB2459B5C700778913 /* StudyDetailHeaderView.swift */ = {isa = PBXFileReference; lastKnownFileType = sourcecode.swift; name = StudyDetailHeaderView.swift; path = skhustudy/Secene/Main/Cell/StudyDetailHeaderView.swift; sourceTree = SOURCE_ROOT; };
		D50E64CD2459C08F00778913 /* StudyWeekTVC.xib */ = {isa = PBXFileReference; lastKnownFileType = file.xib; name = StudyWeekTVC.xib; path = skhustudy/Secene/Main/Cell/StudyWeekTVC.xib; sourceTree = SOURCE_ROOT; };
		D5462D5424619CEC0080C577 /* UserHeaderView.xib */ = {isa = PBXFileReference; lastKnownFileType = file.xib; name = UserHeaderView.xib; path = skhustudy/Secene/User/StoryBoard/UserHeaderView.xib; sourceTree = SOURCE_ROOT; };
		D5462D5624619D2B0080C577 /* UserHeaderView.swift */ = {isa = PBXFileReference; lastKnownFileType = sourcecode.swift; name = UserHeaderView.swift; path = skhustudy/Secene/User/Cell/UserHeaderView.swift; sourceTree = SOURCE_ROOT; };
		D57620C8246A4A4F00F8BB4C /* APIConstants.swift */ = {isa = PBXFileReference; lastKnownFileType = sourcecode.swift; name = APIConstants.swift; path = skhustudy/Global/Service/APIConstants.swift; sourceTree = SOURCE_ROOT; };
		D57620CA246A4E1100F8BB4C /* UserService.swift */ = {isa = PBXFileReference; lastKnownFileType = sourcecode.swift; name = UserService.swift; path = skhustudy/Global/Service/UserService.swift; sourceTree = SOURCE_ROOT; };
		D57620CC246A4E4B00F8BB4C /* NetworkResult.swift */ = {isa = PBXFileReference; lastKnownFileType = sourcecode.swift; name = NetworkResult.swift; path = skhustudy/Global/Service/NetworkResult.swift; sourceTree = SOURCE_ROOT; };
		D58F0BEC245EA74400205380 /* StudyDetailFooterView.xib */ = {isa = PBXFileReference; lastKnownFileType = file.xib; name = StudyDetailFooterView.xib; path = skhustudy/Secene/Main/Cell/StudyDetailFooterView.xib; sourceTree = SOURCE_ROOT; };
		D58F0BEE245EA75C00205380 /* StudyDetailFooterView.swift */ = {isa = PBXFileReference; lastKnownFileType = sourcecode.swift; name = StudyDetailFooterView.swift; path = skhustudy/Secene/Main/Cell/StudyDetailFooterView.swift; sourceTree = SOURCE_ROOT; };
		D58F0BF0245EB3AD00205380 /* StudyWeekTVC.swift */ = {isa = PBXFileReference; lastKnownFileType = sourcecode.swift; name = StudyWeekTVC.swift; path = skhustudy/Secene/Main/Cell/StudyWeekTVC.swift; sourceTree = SOURCE_ROOT; };
		D7AA87FBCDCB15DEED163C30 /* Pods-SKHUStudy.debug.xcconfig */ = {isa = PBXFileReference; includeInIndex = 1; lastKnownFileType = text.xcconfig; name = "Pods-SKHUStudy.debug.xcconfig"; path = "Target Support Files/Pods-SKHUStudy/Pods-SKHUStudy.debug.xcconfig"; sourceTree = "<group>"; };
		FBEEBF9AC181050CB8BB958E /* Pods_SKHUStudy.framework */ = {isa = PBXFileReference; explicitFileType = wrapper.framework; includeInIndex = 0; path = Pods_SKHUStudy.framework; sourceTree = BUILT_PRODUCTS_DIR; };
/* End PBXFileReference section */

/* Begin PBXFrameworksBuildPhase section */
		5E58B4DD2445801F0010F5F9 /* Frameworks */ = {
			isa = PBXFrameworksBuildPhase;
			buildActionMask = 2147483647;
			files = (
				4A80400FFB709BE273669D73 /* Pods_SKHUStudy.framework in Frameworks */,
			);
			runOnlyForDeploymentPostprocessing = 0;
		};
/* End PBXFrameworksBuildPhase section */

/* Begin PBXGroup section */
		5E58B4D72445801F0010F5F9 = {
			isa = PBXGroup;
			children = (
				5E58B4E22445801F0010F5F9 /* SKHUStudy */,
				5E58B4E12445801F0010F5F9 /* Products */,
				A6302D97B1670237497368AC /* Pods */,
				DD749CA8A33008977BA318E1 /* Frameworks */,
			);
			sourceTree = "<group>";
		};
		5E58B4E12445801F0010F5F9 /* Products */ = {
			isa = PBXGroup;
			children = (
				5E58B4E02445801F0010F5F9 /* SKHUStudy.app */,
			);
			name = Products;
			sourceTree = "<group>";
		};
		5E58B4E22445801F0010F5F9 /* SKHUStudy */ = {
			isa = PBXGroup;
			children = (
				5E58B4F92445803A0010F5F9 /* Example */,
				5E58B4F8244580380010F5F9 /* Global */,
				5E58B4F7244580360010F5F9 /* Secene */,
			);
			path = SKHUStudy;
			sourceTree = "<group>";
		};
		5E58B4F7244580360010F5F9 /* Secene */ = {
			isa = PBXGroup;
			children = (
				5E58B4FF244581690010F5F9 /* User */,
				5E58B4FE2445814E0010F5F9 /* TabBar */,
				5E58B4FD244581490010F5F9 /* Main */,
				5E58B4FC244581360010F5F9 /* Login */,
				5E58B4FB244581310010F5F9 /* Chat */,
			);
			path = Secene;
			sourceTree = "<group>";
		};
		5E58B4F8244580380010F5F9 /* Global */ = {
			isa = PBXGroup;
			children = (
				D57620C7246A4A1D00F8BB4C /* Service */,
				5ED3DFBC244CBCD000B34D20 /* Model */,
				5E58B517244583320010F5F9 /* Supporting Files */,
				5E58B515244581F10010F5F9 /* Resource */,
				5E58B514244581EC0010F5F9 /* Extensions */,
				5E58B513244581E90010F5F9 /* Enum */,
				5E58B512244581E40010F5F9 /* Delegate */,
			);
			path = Global;
			sourceTree = "<group>";
		};
		5E58B4F92445803A0010F5F9 /* Example */ = {
			isa = PBXGroup;
			children = (
				5E58B4E72445801F0010F5F9 /* ExampleVC.swift */,
				5E58B4E92445801F0010F5F9 /* Example.storyboard */,
				5E58B51E244584B60010F5F9 /* ReferenceVC.swift */,
			);
			path = Example;
			sourceTree = "<group>";
		};
		5E58B4FB244581310010F5F9 /* Chat */ = {
			isa = PBXGroup;
			children = (
				5E58B511244581D40010F5F9 /* Cell */,
				5E58B50F244581CD0010F5F9 /* Model */,
				5E58B510244581CF0010F5F9 /* StoryBoard */,
				5E58B50E244581C80010F5F9 /* ViewController */,
			);
			path = Chat;
			sourceTree = "<group>";
		};
		5E58B4FC244581360010F5F9 /* Login */ = {
			isa = PBXGroup;
			children = (
				5E58B50D244581C50010F5F9 /* Cell */,
				5E58B50C244581C30010F5F9 /* Model */,
				5E58B50B244581C00010F5F9 /* StoryBoard */,
				5E58B50A244581BA0010F5F9 /* ViewController */,
			);
			path = Login;
			sourceTree = "<group>";
		};
		5E58B4FD244581490010F5F9 /* Main */ = {
			isa = PBXGroup;
			children = (
				5E58B509244581B80010F5F9 /* Cell */,
				5E58B508244581B50010F5F9 /* Model */,
				5E58B507244581B00010F5F9 /* StoryBoard */,
				5E58B506244581A40010F5F9 /* ViewController */,
			);
			path = Main;
			sourceTree = "<group>";
		};
		5E58B4FE2445814E0010F5F9 /* TabBar */ = {
			isa = PBXGroup;
			children = (
				5E58B536244585210010F5F9 /* TabBarController.swift */,
				5E58B544244585730010F5F9 /* TabBar.storyboard */,
			);
			path = TabBar;
			sourceTree = "<group>";
		};
		5E58B4FF244581690010F5F9 /* User */ = {
			isa = PBXGroup;
			children = (
				5E58B5002445816C0010F5F9 /* Cell */,
				5E58B5012445816F0010F5F9 /* Model */,
				5E58B502244581710010F5F9 /* StoryBoard */,
				5E58B503244581760010F5F9 /* ViewController */,
			);
			path = User;
			sourceTree = "<group>";
		};
		5E58B5002445816C0010F5F9 /* Cell */ = {
			isa = PBXGroup;
			children = (
				5E58B556244585EB0010F5F9 /* UserCell.swift */,
				D5462D5624619D2B0080C577 /* UserHeaderView.swift */,
			);
			path = Cell;
			sourceTree = "<group>";
		};
		5E58B5012445816F0010F5F9 /* Model */ = {
			isa = PBXGroup;
			children = (
				5E58B54A244585AE0010F5F9 /* UserModel.swift */,
			);
			path = Model;
			sourceTree = "<group>";
		};
		5E58B502244581710010F5F9 /* StoryBoard */ = {
			isa = PBXGroup;
			children = (
				D5462D5424619CEC0080C577 /* UserHeaderView.xib */,
				5E58B5462445857C0010F5F9 /* User.storyboard */,
			);
			path = StoryBoard;
			sourceTree = "<group>";
		};
		5E58B503244581760010F5F9 /* ViewController */ = {
			isa = PBXGroup;
			children = (
				5E58B51C2445847A0010F5F9 /* UserVC.swift */,
			);
			path = ViewController;
			sourceTree = "<group>";
		};
		5E58B506244581A40010F5F9 /* ViewController */ = {
			isa = PBXGroup;
			children = (
				5E796725244EE2E70053974F /* TopTabBar */,
				5E58B5382445853C0010F5F9 /* MainVC.swift */,
				D50E64C72459808A00778913 /* StudyDetail.swift */,
				7E7D35ED245967EF00622474 /* WeekDetailVC.swift */,
				5E79672A244EEA300053974F /* PageVC.swift */,
				5E006FE52447858A0028CB3C /* AllVC.swift */,
				5E006FE92449E1A20028CB3C /* HashOneVC.swift */,
				5E006FEB2449E1B40028CB3C /* HashTwoVC.swift */,
				5E006FED2449E1C20028CB3C /* HashThreeVC.swift */,
				7E1627292459AE8400320FA4 /* CreateWeekVC.swift */,
				7E16272B2459AF0A00320FA4 /* CreateWeekVC+Constraints.swift */,
				7EC5180D2456FFB200624E33 /* AddStudyVC.swift */,
			);
			path = ViewController;
			sourceTree = "<group>";
		};
		5E58B507244581B00010F5F9 /* StoryBoard */ = {
			isa = PBXGroup;
			children = (
				7ED0F02324599B3800CDA6CF /* WeekDetail.storyboard */,
				7E1627272459AE6500320FA4 /* CreateWeek.storyboard */,
				5E58B5422445856C0010F5F9 /* Main.storyboard */,
				D50E64C524597F2400778913 /* StudyDetail.storyboard */,
			);
			path = StoryBoard;
			sourceTree = "<group>";
		};
		5E58B508244581B50010F5F9 /* Model */ = {
			isa = PBXGroup;
			children = (
				5E58B548244585A70010F5F9 /* MainModel.swift */,
			);
			path = Model;
			sourceTree = "<group>";
		};
		5E58B509244581B80010F5F9 /* Cell */ = {
			isa = PBXGroup;
			children = (
				D50E64C124594F1D00778913 /* StudyTVC.xib */,
				D50E64C324595FD200778913 /* StudyTVC.swift */,
				D50E64C92459B51500778913 /* StudyDetailHeaderView.xib */,
				D50E64CB2459B5C700778913 /* StudyDetailHeaderView.swift */,
				D50E64CD2459C08F00778913 /* StudyWeekTVC.xib */,
				D58F0BF0245EB3AD00205380 /* StudyWeekTVC.swift */,
				D58F0BEC245EA74400205380 /* StudyDetailFooterView.xib */,
				D58F0BEE245EA75C00205380 /* StudyDetailFooterView.swift */,
				5E006FE7244786F90028CB3C /* AllTVC.swift */,
				5E006FEF2449E2330028CB3C /* HashOneTVC.swift */,
				5E006FF12449E2410028CB3C /* HashTwoTVC.swift */,
				5E006FF32449E2500028CB3C /* HashThreeTVC.swift */,
			);
			path = Cell;
			sourceTree = "<group>";
		};
		5E58B50A244581BA0010F5F9 /* ViewController */ = {
			isa = PBXGroup;
			children = (
				7EA96CB6245083180050E916 /* AddUserCategoryVC+Constraints.swift */,
				7EA6F199244EE5F10047C949 /* AddUserCategoryVC.swift */,
				7EA6F197244EE5B50047C949 /* AddUserInfoVC.swift */,
				7EA6F19B244EE95F0047C949 /* AddUserInfoVC+Constraints.swift */,
				5E58B53A244585450010F5F9 /* LoginVC.swift */,
				7E7E97BB244C118C001C7D20 /* SignUpVC.swift */,
				7E7AFA982469199E000A92E0 /* EmailVerificationVC.swift */,
				7E7AFA9C24691A2A000A92E0 /* EmailVerificationVC+Constraints.swift */,
				7E7E97BF244C1540001C7D20 /* SignUpVC+Constraints.swift */,
			);
			path = ViewController;
			sourceTree = "<group>";
		};
		5E58B50B244581C00010F5F9 /* StoryBoard */ = {
			isa = PBXGroup;
			children = (
				7E7AFA9A246919BE000A92E0 /* EmailVerification.storyboard */,
				5E58B540244585610010F5F9 /* Login.storyboard */,
				7EA6F195244EE4EE0047C949 /* AddMoreUserInformation.storyboard */,
				7E7E97BD244C1197001C7D20 /* SignUp.storyboard */,
			);
			path = StoryBoard;
			sourceTree = "<group>";
		};
		5E58B50C244581C30010F5F9 /* Model */ = {
			isa = PBXGroup;
			children = (
				5E58B54C244585B60010F5F9 /* LoginModel.swift */,
			);
			path = Model;
			sourceTree = "<group>";
		};
		5E58B50D244581C50010F5F9 /* Cell */ = {
			isa = PBXGroup;
			children = (
				7EA96CB4245080440050E916 /* AddUserCategoryCell.swift */,
				5E58B552244585D50010F5F9 /* LoginCell.swift */,
			);
			path = Cell;
			sourceTree = "<group>";
		};
		5E58B50E244581C80010F5F9 /* ViewController */ = {
			isa = PBXGroup;
			children = (
				5E58B53C2445854E0010F5F9 /* ChatVC.swift */,
			);
			path = ViewController;
			sourceTree = "<group>";
		};
		5E58B50F244581CD0010F5F9 /* Model */ = {
			isa = PBXGroup;
			children = (
				5E58B54E244585C20010F5F9 /* ChatModel.swift */,
			);
			path = Model;
			sourceTree = "<group>";
		};
		5E58B510244581CF0010F5F9 /* StoryBoard */ = {
			isa = PBXGroup;
			children = (
				5E58B53E244585580010F5F9 /* Chat.storyboard */,
			);
			path = StoryBoard;
			sourceTree = "<group>";
		};
		5E58B511244581D40010F5F9 /* Cell */ = {
			isa = PBXGroup;
			children = (
				5E58B550244585CD0010F5F9 /* ChatCell.swift */,
			);
			path = Cell;
			sourceTree = "<group>";
		};
		5E58B512244581E40010F5F9 /* Delegate */ = {
			isa = PBXGroup;
			children = (
				5E58B4E32445801F0010F5F9 /* AppDelegate.swift */,
				5E58B4E52445801F0010F5F9 /* SceneDelegate.swift */,
			);
			path = Delegate;
			sourceTree = "<group>";
		};
		5E58B513244581E90010F5F9 /* Enum */ = {
			isa = PBXGroup;
			children = (
				5E58B51A2445844E0010F5F9 /* Fonts+Enum.swift */,
				5E79672E244EF2B00053974F /* SettingName.swift */,
			);
			path = Enum;
			sourceTree = "<group>";
		};
		5E58B514244581EC0010F5F9 /* Extensions */ = {
			isa = PBXGroup;
			children = (
				5E58B529244584E50010F5F9 /* CALayer+Extension.swift */,
				5E58B528244584E50010F5F9 /* Date+Extension.swift */,
				5E58B520244584E40010F5F9 /* String+Extension.swift */,
				5E58B523244584E40010F5F9 /* UIButton+Extension.swift */,
				5E58B524244584E40010F5F9 /* UIColor+Extension.swift */,
				5E58B526244584E40010F5F9 /* UIImageView+Extension.swift */,
				5E58B521244584E40010F5F9 /* UITabar.swift */,
				5E58B52A244584E50010F5F9 /* UITableView+Extension.swift */,
				5E58B525244584E40010F5F9 /* UITextView+Extension.swift */,
				5E58B522244584E40010F5F9 /* UIView+Extension.swift */,
				5E58B527244584E50010F5F9 /* UIViewController+Extension.swift */,
			);
			path = Extensions;
			sourceTree = "<group>";
		};
		5E58B515244581F10010F5F9 /* Resource */ = {
			isa = PBXGroup;
			children = (
				5E58B4EC244580210010F5F9 /* Assets.xcassets */,
				5E58B4EE244580210010F5F9 /* LaunchScreen.storyboard */,
			);
			path = Resource;
			sourceTree = "<group>";
		};
		5E58B517244583320010F5F9 /* Supporting Files */ = {
			isa = PBXGroup;
			children = (
				5E58B518244583590010F5F9 /* GoogleService-Info.plist */,
				5E58B4F1244580210010F5F9 /* Info.plist */,
			);
			path = "Supporting Files";
			sourceTree = "<group>";
		};
		5E796725244EE2E70053974F /* TopTabBar */ = {
			isa = PBXGroup;
			children = (
				5E796726244EE32D0053974F /* TopTabBarCVC.swift */,
				5E796728244EE5550053974F /* TopBarItem.swift */,
				5E79672C244EF22D0053974F /* SettingsLauncher.swift */,
				5E796730244EF3040053974F /* SettingCell.swift */,
			);
			path = TopTabBar;
			sourceTree = "<group>";
		};
		5ED3DFBC244CBCD000B34D20 /* Model */ = {
			isa = PBXGroup;
			children = (
				5ED3DFBD244CBCDB00B34D20 /* User.swift */,
				5ED3DFBF244CBFC500B34D20 /* Study.swift */,
				5ED3DFC1244CC38E00B34D20 /* Category.swift */,
			);
			path = Model;
			sourceTree = "<group>";
		};
		A6302D97B1670237497368AC /* Pods */ = {
			isa = PBXGroup;
			children = (
				D7AA87FBCDCB15DEED163C30 /* Pods-SKHUStudy.debug.xcconfig */,
				A8FB063F35A90A278F6A6800 /* Pods-SKHUStudy.release.xcconfig */,
			);
			path = Pods;
			sourceTree = "<group>";
		};
		D57620C7246A4A1D00F8BB4C /* Service */ = {
			isa = PBXGroup;
			children = (
				D57620C8246A4A4F00F8BB4C /* APIConstants.swift */,
				D57620CA246A4E1100F8BB4C /* UserService.swift */,
				D57620CC246A4E4B00F8BB4C /* NetworkResult.swift */,
			);
			path = Service;
			sourceTree = "<group>";
		};
		DD749CA8A33008977BA318E1 /* Frameworks */ = {
			isa = PBXGroup;
			children = (
				FBEEBF9AC181050CB8BB958E /* Pods_SKHUStudy.framework */,
			);
			name = Frameworks;
			sourceTree = "<group>";
		};
/* End PBXGroup section */

/* Begin PBXNativeTarget section */
		5E58B4DF2445801F0010F5F9 /* SKHUStudy */ = {
			isa = PBXNativeTarget;
			buildConfigurationList = 5E58B4F4244580210010F5F9 /* Build configuration list for PBXNativeTarget "SKHUStudy" */;
			buildPhases = (
				D356C02659ECDE55C61C68EF /* [CP] Check Pods Manifest.lock */,
				5E58B4DC2445801F0010F5F9 /* Sources */,
				5E58B4DD2445801F0010F5F9 /* Frameworks */,
				5E58B4DE2445801F0010F5F9 /* Resources */,
				7A9DB8123976B67CA61A457B /* [CP] Embed Pods Frameworks */,
			);
			buildRules = (
			);
			dependencies = (
			);
			name = SKHUStudy;
			productName = SKHUStudy;
			productReference = 5E58B4E02445801F0010F5F9 /* SKHUStudy.app */;
			productType = "com.apple.product-type.application";
		};
/* End PBXNativeTarget section */

/* Begin PBXProject section */
		5E58B4D82445801F0010F5F9 /* Project object */ = {
			isa = PBXProject;
			attributes = {
				LastSwiftUpdateCheck = 1140;
				LastUpgradeCheck = 1140;
				ORGANIZATIONNAME = anniversary;
				TargetAttributes = {
					5E58B4DF2445801F0010F5F9 = {
						CreatedOnToolsVersion = 11.4;
					};
				};
			};
			buildConfigurationList = 5E58B4DB2445801F0010F5F9 /* Build configuration list for PBXProject "SKHUStudy" */;
			compatibilityVersion = "Xcode 9.3";
			developmentRegion = en;
			hasScannedForEncodings = 0;
			knownRegions = (
				en,
				Base,
			);
			mainGroup = 5E58B4D72445801F0010F5F9;
			productRefGroup = 5E58B4E12445801F0010F5F9 /* Products */;
			projectDirPath = "";
			projectRoot = "";
			targets = (
				5E58B4DF2445801F0010F5F9 /* SKHUStudy */,
			);
		};
/* End PBXProject section */

/* Begin PBXResourcesBuildPhase section */
		5E58B4DE2445801F0010F5F9 /* Resources */ = {
			isa = PBXResourcesBuildPhase;
			buildActionMask = 2147483647;
			files = (
				D5462D5524619CEC0080C577 /* UserHeaderView.xib in Resources */,
				5E58B5432445856C0010F5F9 /* Main.storyboard in Resources */,
				5E58B4F0244580210010F5F9 /* LaunchScreen.storyboard in Resources */,
				5E58B519244583590010F5F9 /* GoogleService-Info.plist in Resources */,
				D58F0BED245EA74400205380 /* StudyDetailFooterView.xib in Resources */,
				D50E64CE2459C08F00778913 /* StudyWeekTVC.xib in Resources */,
				7E7AFA9B246919BE000A92E0 /* EmailVerification.storyboard in Resources */,
				5E58B541244585610010F5F9 /* Login.storyboard in Resources */,
				7E7E97BE244C1197001C7D20 /* SignUp.storyboard in Resources */,
				7EA6F196244EE4EE0047C949 /* AddMoreUserInformation.storyboard in Resources */,
				5E58B545244585730010F5F9 /* TabBar.storyboard in Resources */,
				5E58B4ED244580210010F5F9 /* Assets.xcassets in Resources */,
				5E58B53F244585580010F5F9 /* Chat.storyboard in Resources */,
				5E58B4EB2445801F0010F5F9 /* Example.storyboard in Resources */,
				D50E64CA2459B51500778913 /* StudyDetailHeaderView.xib in Resources */,
				D50E64C224594F1D00778913 /* StudyTVC.xib in Resources */,
				7E1627282459AE6500320FA4 /* CreateWeek.storyboard in Resources */,
				7ED0F02424599B3800CDA6CF /* WeekDetail.storyboard in Resources */,
				D50E64C624597F2400778913 /* StudyDetail.storyboard in Resources */,
				5E58B5472445857C0010F5F9 /* User.storyboard in Resources */,
			);
			runOnlyForDeploymentPostprocessing = 0;
		};
/* End PBXResourcesBuildPhase section */

/* Begin PBXShellScriptBuildPhase section */
		7A9DB8123976B67CA61A457B /* [CP] Embed Pods Frameworks */ = {
			isa = PBXShellScriptBuildPhase;
			buildActionMask = 2147483647;
			files = (
			);
			inputFileListPaths = (
				"${PODS_ROOT}/Target Support Files/Pods-SKHUStudy/Pods-SKHUStudy-frameworks-${CONFIGURATION}-input-files.xcfilelist",
			);
			name = "[CP] Embed Pods Frameworks";
			outputFileListPaths = (
				"${PODS_ROOT}/Target Support Files/Pods-SKHUStudy/Pods-SKHUStudy-frameworks-${CONFIGURATION}-output-files.xcfilelist",
			);
			runOnlyForDeploymentPostprocessing = 0;
			shellPath = /bin/sh;
			shellScript = "\"${PODS_ROOT}/Target Support Files/Pods-SKHUStudy/Pods-SKHUStudy-frameworks.sh\"\n";
			showEnvVarsInLog = 0;
		};
		D356C02659ECDE55C61C68EF /* [CP] Check Pods Manifest.lock */ = {
			isa = PBXShellScriptBuildPhase;
			buildActionMask = 2147483647;
			files = (
			);
			inputFileListPaths = (
			);
			inputPaths = (
				"${PODS_PODFILE_DIR_PATH}/Podfile.lock",
				"${PODS_ROOT}/Manifest.lock",
			);
			name = "[CP] Check Pods Manifest.lock";
			outputFileListPaths = (
			);
			outputPaths = (
				"$(DERIVED_FILE_DIR)/Pods-SKHUStudy-checkManifestLockResult.txt",
			);
			runOnlyForDeploymentPostprocessing = 0;
			shellPath = /bin/sh;
			shellScript = "diff \"${PODS_PODFILE_DIR_PATH}/Podfile.lock\" \"${PODS_ROOT}/Manifest.lock\" > /dev/null\nif [ $? != 0 ] ; then\n    # print error to STDERR\n    echo \"error: The sandbox is not in sync with the Podfile.lock. Run 'pod install' or update your CocoaPods installation.\" >&2\n    exit 1\nfi\n# This output is used by Xcode 'outputs' to avoid re-running this script phase.\necho \"SUCCESS\" > \"${SCRIPT_OUTPUT_FILE_0}\"\n";
			showEnvVarsInLog = 0;
		};
/* End PBXShellScriptBuildPhase section */

/* Begin PBXSourcesBuildPhase section */
		5E58B4DC2445801F0010F5F9 /* Sources */ = {
			isa = PBXSourcesBuildPhase;
			buildActionMask = 2147483647;
			files = (
				5E58B52C244584E50010F5F9 /* UITabar.swift in Sources */,
				7EA96CB7245083180050E916 /* AddUserCategoryVC+Constraints.swift in Sources */,
				5E58B51B2445844E0010F5F9 /* Fonts+Enum.swift in Sources */,
				5E79672D244EF22D0053974F /* SettingsLauncher.swift in Sources */,
				5E58B531244584E50010F5F9 /* UIImageView+Extension.swift in Sources */,
				5E006FEE2449E1C20028CB3C /* HashThreeVC.swift in Sources */,
				7EA6F198244EE5B50047C949 /* AddUserInfoVC.swift in Sources */,
				7E7AFA9D24691A2A000A92E0 /* EmailVerificationVC+Constraints.swift in Sources */,
				7E7D35EE245967EF00622474 /* WeekDetailVC.swift in Sources */,
				5E006FEC2449E1B40028CB3C /* HashTwoVC.swift in Sources */,
				5E006FF02449E2330028CB3C /* HashOneTVC.swift in Sources */,
				D57620CD246A4E4B00F8BB4C /* NetworkResult.swift in Sources */,
				5E006FF22449E2410028CB3C /* HashTwoTVC.swift in Sources */,
				5E58B537244585210010F5F9 /* TabBarController.swift in Sources */,
				5E58B52B244584E50010F5F9 /* String+Extension.swift in Sources */,
				5ED3DFC0244CBFC500B34D20 /* Study.swift in Sources */,
				5E58B532244584E50010F5F9 /* UIViewController+Extension.swift in Sources */,
				5E58B549244585A70010F5F9 /* MainModel.swift in Sources */,
				5E58B533244584E50010F5F9 /* Date+Extension.swift in Sources */,
				D50E64CC2459B5C700778913 /* StudyDetailHeaderView.swift in Sources */,
				5E58B553244585D50010F5F9 /* LoginCell.swift in Sources */,
				5E006FEA2449E1A20028CB3C /* HashOneVC.swift in Sources */,
				7E7E97C0244C1540001C7D20 /* SignUpVC+Constraints.swift in Sources */,
				5E79672B244EEA300053974F /* PageVC.swift in Sources */,
				7E16272C2459AF0A00320FA4 /* CreateWeekVC+Constraints.swift in Sources */,
				5E58B54B244585AE0010F5F9 /* UserModel.swift in Sources */,
				5E796727244EE32D0053974F /* TopTabBarCVC.swift in Sources */,
				D58F0BF1245EB3AD00205380 /* StudyWeekTVC.swift in Sources */,
				5E006FE62447858A0028CB3C /* AllVC.swift in Sources */,
				7EA96CB5245080440050E916 /* AddUserCategoryCell.swift in Sources */,
				5E58B535244584E50010F5F9 /* UITableView+Extension.swift in Sources */,
				5E58B52F244584E50010F5F9 /* UIColor+Extension.swift in Sources */,
				7EA6F19A244EE5F10047C949 /* AddUserCategoryVC.swift in Sources */,
				5ED3DFBE244CBCDB00B34D20 /* User.swift in Sources */,
				5E796729244EE5550053974F /* TopBarItem.swift in Sources */,
				5E58B52E244584E50010F5F9 /* UIButton+Extension.swift in Sources */,
				D5462D5724619D2B0080C577 /* UserHeaderView.swift in Sources */,
				5E796731244EF3040053974F /* SettingCell.swift in Sources */,
				D50E64C82459808A00778913 /* StudyDetail.swift in Sources */,
				5E58B52D244584E50010F5F9 /* UIView+Extension.swift in Sources */,
				5E58B54D244585B60010F5F9 /* LoginModel.swift in Sources */,
				5E79672F244EF2B00053974F /* SettingName.swift in Sources */,
				D57620C9246A4A4F00F8BB4C /* APIConstants.swift in Sources */,
				5E58B51D2445847A0010F5F9 /* UserVC.swift in Sources */,
				5E58B557244585EB0010F5F9 /* UserCell.swift in Sources */,
				5E58B54F244585C20010F5F9 /* ChatModel.swift in Sources */,
				5E58B5392445853C0010F5F9 /* MainVC.swift in Sources */,
				5E58B51F244584B60010F5F9 /* ReferenceVC.swift in Sources */,
				7E7E97BC244C118C001C7D20 /* SignUpVC.swift in Sources */,
				5E58B53B244585450010F5F9 /* LoginVC.swift in Sources */,
				5E58B53D2445854E0010F5F9 /* ChatVC.swift in Sources */,
				D57620CB246A4E1100F8BB4C /* UserService.swift in Sources */,
				7EA6F19C244EE95F0047C949 /* AddUserInfoVC+Constraints.swift in Sources */,
				5E58B534244584E50010F5F9 /* CALayer+Extension.swift in Sources */,
				5ED3DFC2244CC38E00B34D20 /* Category.swift in Sources */,
				5E58B4E82445801F0010F5F9 /* ExampleVC.swift in Sources */,
				5E006FF42449E2500028CB3C /* HashThreeTVC.swift in Sources */,
				D50E64C424595FD200778913 /* StudyTVC.swift in Sources */,
				7E7AFA992469199E000A92E0 /* EmailVerificationVC.swift in Sources */,
				5E58B4E42445801F0010F5F9 /* AppDelegate.swift in Sources */,
				5E58B551244585CD0010F5F9 /* ChatCell.swift in Sources */,
				7EC5180E2456FFB200624E33 /* AddStudyVC.swift in Sources */,
				5E58B4E62445801F0010F5F9 /* SceneDelegate.swift in Sources */,
				5E006FE8244786F90028CB3C /* AllTVC.swift in Sources */,
				7E16272A2459AE8400320FA4 /* CreateWeekVC.swift in Sources */,
				D58F0BEF245EA75C00205380 /* StudyDetailFooterView.swift in Sources */,
				5E58B530244584E50010F5F9 /* UITextView+Extension.swift in Sources */,
			);
			runOnlyForDeploymentPostprocessing = 0;
		};
/* End PBXSourcesBuildPhase section */

/* Begin PBXVariantGroup section */
		5E58B4E92445801F0010F5F9 /* Example.storyboard */ = {
			isa = PBXVariantGroup;
			children = (
				5E58B4EA2445801F0010F5F9 /* Base */,
			);
			name = Example.storyboard;
			sourceTree = "<group>";
		};
		5E58B4EE244580210010F5F9 /* LaunchScreen.storyboard */ = {
			isa = PBXVariantGroup;
			children = (
				5E58B4EF244580210010F5F9 /* Base */,
			);
			name = LaunchScreen.storyboard;
			sourceTree = "<group>";
		};
/* End PBXVariantGroup section */

/* Begin XCBuildConfiguration section */
		5E58B4F2244580210010F5F9 /* Debug */ = {
			isa = XCBuildConfiguration;
			buildSettings = {
				ALWAYS_SEARCH_USER_PATHS = NO;
				CLANG_ANALYZER_NONNULL = YES;
				CLANG_ANALYZER_NUMBER_OBJECT_CONVERSION = YES_AGGRESSIVE;
				CLANG_CXX_LANGUAGE_STANDARD = "gnu++14";
				CLANG_CXX_LIBRARY = "libc++";
				CLANG_ENABLE_MODULES = YES;
				CLANG_ENABLE_OBJC_ARC = YES;
				CLANG_ENABLE_OBJC_WEAK = YES;
				CLANG_WARN_BLOCK_CAPTURE_AUTORELEASING = YES;
				CLANG_WARN_BOOL_CONVERSION = YES;
				CLANG_WARN_COMMA = YES;
				CLANG_WARN_CONSTANT_CONVERSION = YES;
				CLANG_WARN_DEPRECATED_OBJC_IMPLEMENTATIONS = YES;
				CLANG_WARN_DIRECT_OBJC_ISA_USAGE = YES_ERROR;
				CLANG_WARN_DOCUMENTATION_COMMENTS = YES;
				CLANG_WARN_EMPTY_BODY = YES;
				CLANG_WARN_ENUM_CONVERSION = YES;
				CLANG_WARN_INFINITE_RECURSION = YES;
				CLANG_WARN_INT_CONVERSION = YES;
				CLANG_WARN_NON_LITERAL_NULL_CONVERSION = YES;
				CLANG_WARN_OBJC_IMPLICIT_RETAIN_SELF = YES;
				CLANG_WARN_OBJC_LITERAL_CONVERSION = YES;
				CLANG_WARN_OBJC_ROOT_CLASS = YES_ERROR;
				CLANG_WARN_RANGE_LOOP_ANALYSIS = YES;
				CLANG_WARN_STRICT_PROTOTYPES = YES;
				CLANG_WARN_SUSPICIOUS_MOVE = YES;
				CLANG_WARN_UNGUARDED_AVAILABILITY = YES_AGGRESSIVE;
				CLANG_WARN_UNREACHABLE_CODE = YES;
				CLANG_WARN__DUPLICATE_METHOD_MATCH = YES;
				COPY_PHASE_STRIP = NO;
				DEBUG_INFORMATION_FORMAT = dwarf;
				ENABLE_STRICT_OBJC_MSGSEND = YES;
				ENABLE_TESTABILITY = YES;
				GCC_C_LANGUAGE_STANDARD = gnu11;
				GCC_DYNAMIC_NO_PIC = NO;
				GCC_NO_COMMON_BLOCKS = YES;
				GCC_OPTIMIZATION_LEVEL = 0;
				GCC_PREPROCESSOR_DEFINITIONS = (
					"DEBUG=1",
					"$(inherited)",
				);
				GCC_WARN_64_TO_32_BIT_CONVERSION = YES;
				GCC_WARN_ABOUT_RETURN_TYPE = YES_ERROR;
				GCC_WARN_UNDECLARED_SELECTOR = YES;
				GCC_WARN_UNINITIALIZED_AUTOS = YES_AGGRESSIVE;
				GCC_WARN_UNUSED_FUNCTION = YES;
				GCC_WARN_UNUSED_VARIABLE = YES;
				IPHONEOS_DEPLOYMENT_TARGET = 13.0;
				MTL_ENABLE_DEBUG_INFO = INCLUDE_SOURCE;
				MTL_FAST_MATH = YES;
				ONLY_ACTIVE_ARCH = YES;
				SDKROOT = iphoneos;
				SWIFT_ACTIVE_COMPILATION_CONDITIONS = DEBUG;
				SWIFT_OPTIMIZATION_LEVEL = "-Onone";
			};
			name = Debug;
		};
		5E58B4F3244580210010F5F9 /* Release */ = {
			isa = XCBuildConfiguration;
			buildSettings = {
				ALWAYS_SEARCH_USER_PATHS = NO;
				CLANG_ANALYZER_NONNULL = YES;
				CLANG_ANALYZER_NUMBER_OBJECT_CONVERSION = YES_AGGRESSIVE;
				CLANG_CXX_LANGUAGE_STANDARD = "gnu++14";
				CLANG_CXX_LIBRARY = "libc++";
				CLANG_ENABLE_MODULES = YES;
				CLANG_ENABLE_OBJC_ARC = YES;
				CLANG_ENABLE_OBJC_WEAK = YES;
				CLANG_WARN_BLOCK_CAPTURE_AUTORELEASING = YES;
				CLANG_WARN_BOOL_CONVERSION = YES;
				CLANG_WARN_COMMA = YES;
				CLANG_WARN_CONSTANT_CONVERSION = YES;
				CLANG_WARN_DEPRECATED_OBJC_IMPLEMENTATIONS = YES;
				CLANG_WARN_DIRECT_OBJC_ISA_USAGE = YES_ERROR;
				CLANG_WARN_DOCUMENTATION_COMMENTS = YES;
				CLANG_WARN_EMPTY_BODY = YES;
				CLANG_WARN_ENUM_CONVERSION = YES;
				CLANG_WARN_INFINITE_RECURSION = YES;
				CLANG_WARN_INT_CONVERSION = YES;
				CLANG_WARN_NON_LITERAL_NULL_CONVERSION = YES;
				CLANG_WARN_OBJC_IMPLICIT_RETAIN_SELF = YES;
				CLANG_WARN_OBJC_LITERAL_CONVERSION = YES;
				CLANG_WARN_OBJC_ROOT_CLASS = YES_ERROR;
				CLANG_WARN_RANGE_LOOP_ANALYSIS = YES;
				CLANG_WARN_STRICT_PROTOTYPES = YES;
				CLANG_WARN_SUSPICIOUS_MOVE = YES;
				CLANG_WARN_UNGUARDED_AVAILABILITY = YES_AGGRESSIVE;
				CLANG_WARN_UNREACHABLE_CODE = YES;
				CLANG_WARN__DUPLICATE_METHOD_MATCH = YES;
				COPY_PHASE_STRIP = NO;
				DEBUG_INFORMATION_FORMAT = "dwarf-with-dsym";
				ENABLE_NS_ASSERTIONS = NO;
				ENABLE_STRICT_OBJC_MSGSEND = YES;
				GCC_C_LANGUAGE_STANDARD = gnu11;
				GCC_NO_COMMON_BLOCKS = YES;
				GCC_WARN_64_TO_32_BIT_CONVERSION = YES;
				GCC_WARN_ABOUT_RETURN_TYPE = YES_ERROR;
				GCC_WARN_UNDECLARED_SELECTOR = YES;
				GCC_WARN_UNINITIALIZED_AUTOS = YES_AGGRESSIVE;
				GCC_WARN_UNUSED_FUNCTION = YES;
				GCC_WARN_UNUSED_VARIABLE = YES;
				IPHONEOS_DEPLOYMENT_TARGET = 13.0;
				MTL_ENABLE_DEBUG_INFO = NO;
				MTL_FAST_MATH = YES;
				SDKROOT = iphoneos;
				SWIFT_COMPILATION_MODE = wholemodule;
				SWIFT_OPTIMIZATION_LEVEL = "-O";
				VALIDATE_PRODUCT = YES;
			};
			name = Release;
		};
		5E58B4F5244580210010F5F9 /* Debug */ = {
			isa = XCBuildConfiguration;
			baseConfigurationReference = D7AA87FBCDCB15DEED163C30 /* Pods-SKHUStudy.debug.xcconfig */;
			buildSettings = {
				ASSETCATALOG_COMPILER_APPICON_NAME = AppIcon;
				CODE_SIGN_STYLE = Automatic;
				DEVELOPMENT_TEAM = "";
				INFOPLIST_FILE = "SKHUStudy/Global/Supporting Files/Info.plist";
				IPHONEOS_DEPLOYMENT_TARGET = 13.0;
				LD_RUNPATH_SEARCH_PATHS = (
					"$(inherited)",
					"@executable_path/Frameworks",
				);
				PRODUCT_BUNDLE_IDENTIFIER = dev.SKHUStudy;
				PRODUCT_NAME = "$(TARGET_NAME)";
				SWIFT_VERSION = 5.0;
				TARGETED_DEVICE_FAMILY = 1;
			};
			name = Debug;
		};
		5E58B4F6244580210010F5F9 /* Release */ = {
			isa = XCBuildConfiguration;
			baseConfigurationReference = A8FB063F35A90A278F6A6800 /* Pods-SKHUStudy.release.xcconfig */;
			buildSettings = {
				ASSETCATALOG_COMPILER_APPICON_NAME = AppIcon;
				CODE_SIGN_STYLE = Automatic;
				DEVELOPMENT_TEAM = "";
				INFOPLIST_FILE = "SKHUStudy/Global/Supporting Files/Info.plist";
				IPHONEOS_DEPLOYMENT_TARGET = 13.0;
				LD_RUNPATH_SEARCH_PATHS = (
					"$(inherited)",
					"@executable_path/Frameworks",
				);
				PRODUCT_BUNDLE_IDENTIFIER = dev.SKHUStudy;
				PRODUCT_NAME = "$(TARGET_NAME)";
				SWIFT_VERSION = 5.0;
				TARGETED_DEVICE_FAMILY = 1;
			};
			name = Release;
		};
/* End XCBuildConfiguration section */

/* Begin XCConfigurationList section */
		5E58B4DB2445801F0010F5F9 /* Build configuration list for PBXProject "SKHUStudy" */ = {
			isa = XCConfigurationList;
			buildConfigurations = (
				5E58B4F2244580210010F5F9 /* Debug */,
				5E58B4F3244580210010F5F9 /* Release */,
			);
			defaultConfigurationIsVisible = 0;
			defaultConfigurationName = Release;
		};
		5E58B4F4244580210010F5F9 /* Build configuration list for PBXNativeTarget "SKHUStudy" */ = {
			isa = XCConfigurationList;
			buildConfigurations = (
				5E58B4F5244580210010F5F9 /* Debug */,
				5E58B4F6244580210010F5F9 /* Release */,
			);
			defaultConfigurationIsVisible = 0;
			defaultConfigurationName = Release;
		};
/* End XCConfigurationList section */
	};
	rootObject = 5E58B4D82445801F0010F5F9 /* Project object */;
}
